{
  "name": "Portfolio",
  "lockfileVersion": 3,
  "requires": true,
  "packages": {
    "": {
      "dependencies": {
        "routes-js": "^0.1.8"
      }
    },
    "node_modules/chip-utils": {
      "version": "0.2.1",
      "resolved": "https://registry.npmjs.org/chip-utils/-/chip-utils-0.2.1.tgz",
      "integrity": "sha512-QsaGcjs4uqznSLJmjpkBNDgt6ZuYdiod5B0MKdFhhPWtvDILGUPsKLgI418aygZXHZnMr5mu+sHGQ+umRQdWvw=="
    },
    "node_modules/routes-js": {
      "version": "0.1.8",
      "resolved": "https://registry.npmjs.org/routes-js/-/routes-js-0.1.8.tgz",
      "integrity": "sha512-muQWwhpJHEbW+NFP1ALSiYwZis/qdS0uDBYYZYVdhbW4WfqwsOr213zwHiarI+3u7vOFKr8wUJanwb3g6fTfKg==",
      "dependencies": {
        "chip-utils": "0.2.1"
      }
    }
  }
}
